
Microsoft Visual Studio Solution File, Format Version 12.00
# Visual Studio Version 16
VisualStudioVersion = 16.0.29519.87
MinimumVisualStudioVersion = 10.0.40219.1
Project("{FAE04EC0-301F-11D3-BF4B-00C04F79EFBC}") = "Practica_14_03_2020", "Practica_14_03_2020\Practica_14_03_2020.csproj", "{6F5EB7A3-A977-4377-8C18-CC0A171F2346}"
EndProject
Global
	GlobalSection(SolutionConfigurationPlatforms) = preSolution
		Debug|Any CPU = Debug|Any CPU
		Release|Any CPU = Release|Any CPU
	EndGlobalSection
	GlobalSection(ProjectConfigurationPlatforms) = postSolution
		{6F5EB7A3-A977-4377-8C18-CC0A171F2346}.Debug|Any CPU.ActiveCfg = Debug|Any CPU
		{6F5EB7A3-A977-4377-8C18-CC0A171F2346}.Debug|Any CPU.Build.0 = Debug|Any CPU
		{6F5EB7A3-A977-4377-8C18-CC0A171F2346}.Release|Any CPU.ActiveCfg = Release|Any CPU
		{6F5EB7A3-A977-4377-8C18-CC0A171F2346}.Release|Any CPU.Build.0 = Release|Any CPU
	EndGlobalSection
	GlobalSection(SolutionProperties) = preSolution
		HideSolutionNode = FALSE
	EndGlobalSection
	GlobalSection(ExtensibilityGlobals) = postSolution
		SolutionGuid = {A0F8DD36-C563-486F-924E-C82049ECA333}
	EndGlobalSection
EndGlobal
