
Microsoft Visual Studio Solution File, Format Version 12.00
# Visual Studio Version 16
VisualStudioVersion = 16.0.29519.87
MinimumVisualStudioVersion = 10.0.40219.1
Project("{FAE04EC0-301F-11D3-BF4B-00C04F79EFBC}") = "PracticaConSql_02_04", "PracticaConSql_02_04\PracticaConSql_02_04.csproj", "{AB978F22-FA77-481A-B341-69302EBF24FE}"
EndProject
Global
	GlobalSection(SolutionConfigurationPlatforms) = preSolution
		Debug|Any CPU = Debug|Any CPU
		Release|Any CPU = Release|Any CPU
	EndGlobalSection
	GlobalSection(ProjectConfigurationPlatforms) = postSolution
		{AB978F22-FA77-481A-B341-69302EBF24FE}.Debug|Any CPU.ActiveCfg = Debug|Any CPU
		{AB978F22-FA77-481A-B341-69302EBF24FE}.Debug|Any CPU.Build.0 = Debug|Any CPU
		{AB978F22-FA77-481A-B341-69302EBF24FE}.Release|Any CPU.ActiveCfg = Release|Any CPU
		{AB978F22-FA77-481A-B341-69302EBF24FE}.Release|Any CPU.Build.0 = Release|Any CPU
	EndGlobalSection
	GlobalSection(SolutionProperties) = preSolution
		HideSolutionNode = FALSE
	EndGlobalSection
	GlobalSection(ExtensibilityGlobals) = postSolution
		SolutionGuid = {0BC679B4-58E7-4CD5-A613-603C3E182E9E}
	EndGlobalSection
EndGlobal
